
Microsoft Visual Studio Solution File, Format Version 12.00
# Visual Studio 15
VisualStudioVersion = 15.0.27004.2006
MinimumVisualStudioVersion = 10.0.40219.1
Project("{FAE04EC0-301F-11D3-BF4B-00C04F79EFBC}") = "S00162685Week6Lab2", "S00162685Week6Lab2\S00162685Week6Lab2.csproj", "{000BF7DD-AE16-4BCB-AD7D-ACFB0F7ADC9A}"
EndProject
Global
	GlobalSection(SolutionConfigurationPlatforms) = preSolution
		Debug|Any CPU = Debug|Any CPU
		Release|Any CPU = Release|Any CPU
	EndGlobalSection
	GlobalSection(ProjectConfigurationPlatforms) = postSolution
		{000BF7DD-AE16-4BCB-AD7D-ACFB0F7ADC9A}.Debug|Any CPU.ActiveCfg = Debug|Any CPU
		{000BF7DD-AE16-4BCB-AD7D-ACFB0F7ADC9A}.Debug|Any CPU.Build.0 = Debug|Any CPU
		{000BF7DD-AE16-4BCB-AD7D-ACFB0F7ADC9A}.Release|Any CPU.ActiveCfg = Release|Any CPU
		{000BF7DD-AE16-4BCB-AD7D-ACFB0F7ADC9A}.Release|Any CPU.Build.0 = Release|Any CPU
	EndGlobalSection
	GlobalSection(SolutionProperties) = preSolution
		HideSolutionNode = FALSE
	EndGlobalSection
	GlobalSection(ExtensibilityGlobals) = postSolution
		SolutionGuid = {B3137B51-98DC-41DA-BEA5-7D468A9AF0FF}
	EndGlobalSection
EndGlobal
